
Microsoft Visual Studio Solution File, Format Version 12.00
# Visual Studio Version 17
VisualStudioVersion = 17.7.34009.444
MinimumVisualStudioVersion = 10.0.40219.1
Project("{FAE04EC0-301F-11D3-BF4B-00C04F79EFBC}") = "LabNetPractica2_4", "LabNetPractica2_4\LabNetPractica2_4.csproj", "{79B1093B-47FB-470F-A53D-B44E5F60BBA6}"
EndProject
Project("{FAE04EC0-301F-11D3-BF4B-00C04F79EFBC}") = "LabNetPractica2_4Tests", "LabNetPractica2_4Tests\LabNetPractica2_4Tests.csproj", "{0CBA12E0-D763-48E4-B831-7A55827EA62C}"
EndProject
Global
	GlobalSection(SolutionConfigurationPlatforms) = preSolution
		Debug|Any CPU = Debug|Any CPU
		Release|Any CPU = Release|Any CPU
	EndGlobalSection
	GlobalSection(ProjectConfigurationPlatforms) = postSolution
		{79B1093B-47FB-470F-A53D-B44E5F60BBA6}.Debug|Any CPU.ActiveCfg = Debug|Any CPU
		{79B1093B-47FB-470F-A53D-B44E5F60BBA6}.Debug|Any CPU.Build.0 = Debug|Any CPU
		{79B1093B-47FB-470F-A53D-B44E5F60BBA6}.Release|Any CPU.ActiveCfg = Release|Any CPU
		{79B1093B-47FB-470F-A53D-B44E5F60BBA6}.Release|Any CPU.Build.0 = Release|Any CPU
		{0CBA12E0-D763-48E4-B831-7A55827EA62C}.Debug|Any CPU.ActiveCfg = Debug|Any CPU
		{0CBA12E0-D763-48E4-B831-7A55827EA62C}.Debug|Any CPU.Build.0 = Debug|Any CPU
		{0CBA12E0-D763-48E4-B831-7A55827EA62C}.Release|Any CPU.ActiveCfg = Release|Any CPU
		{0CBA12E0-D763-48E4-B831-7A55827EA62C}.Release|Any CPU.Build.0 = Release|Any CPU
	EndGlobalSection
	GlobalSection(SolutionProperties) = preSolution
		HideSolutionNode = FALSE
	EndGlobalSection
	GlobalSection(ExtensibilityGlobals) = postSolution
		SolutionGuid = {357CF817-5E00-4C3D-B4AC-99507F28557D}
	EndGlobalSection
EndGlobal
