
Microsoft Visual Studio Solution File, Format Version 12.00
# Visual Studio Version 17
VisualStudioVersion = 17.7.34009.444
MinimumVisualStudioVersion = 10.0.40219.1
Project("{FAE04EC0-301F-11D3-BF4B-00C04F79EFBC}") = "LabNetPractica2_3", "LabNetPractica2_3\LabNetPractica2_3.csproj", "{8FCADFE9-919C-4D42-A8EE-B1135BBEFFCB}"
EndProject
Global
	GlobalSection(SolutionConfigurationPlatforms) = preSolution
		Debug|Any CPU = Debug|Any CPU
		Release|Any CPU = Release|Any CPU
	EndGlobalSection
	GlobalSection(ProjectConfigurationPlatforms) = postSolution
		{8FCADFE9-919C-4D42-A8EE-B1135BBEFFCB}.Debug|Any CPU.ActiveCfg = Debug|Any CPU
		{8FCADFE9-919C-4D42-A8EE-B1135BBEFFCB}.Debug|Any CPU.Build.0 = Debug|Any CPU
		{8FCADFE9-919C-4D42-A8EE-B1135BBEFFCB}.Release|Any CPU.ActiveCfg = Release|Any CPU
		{8FCADFE9-919C-4D42-A8EE-B1135BBEFFCB}.Release|Any CPU.Build.0 = Release|Any CPU
	EndGlobalSection
	GlobalSection(SolutionProperties) = preSolution
		HideSolutionNode = FALSE
	EndGlobalSection
	GlobalSection(ExtensibilityGlobals) = postSolution
		SolutionGuid = {C5320B18-834C-4C80-AC1B-0E033AD7EC6A}
	EndGlobalSection
EndGlobal
